# THIS IS AN AUTOGENERATED FILE. DO NOT EDIT THIS FILE DIRECTLY.
# yarn lockfile v1


"@microgamma/loggator@^1.10.18":
  version "1.10.18"
  resolved "https://registry.yarnpkg.com/@microgamma/loggator/-/loggator-1.10.18.tgz#19b8479f792c190a6f164653dfc4deb153a371d7"
  integrity sha512-UwSuoLk4IzsvjccB4wy4jSQ8phDA7KgZZRHRnwdHJnwzIh8HbOS9tQ6508t0AL1lkO0FSRIxSe/uBnauLzM+pA==
  dependencies:
    "@types/debug" "^0.0.30"
    debug "^4.1.1"
    reflect-metadata "^0.1.12"

"@types/debug@^0.0.30":
  version "0.0.30"
  resolved "https://registry.yarnpkg.com/@types/debug/-/debug-0.0.30.tgz#dc1e40f7af3b9c815013a7860e6252f6352a84df"
  integrity sha512-orGL5LXERPYsLov6CWs3Fh6203+dXzJkR7OnddIr2514Hsecwc8xRpzCapshBbKFImCsvS/mk6+FWiN5LyZJAQ==

debug@^4.1.1:
  version "4.1.1"
  resolved "https://registry.yarnpkg.com/debug/-/debug-4.1.1.tgz#3b72260255109c6b589cee050f1d516139664791"
  integrity sha512-pYAIzeRo8J6KPEaJ0VWOh5Pzkbw/RetuzehGM7QRRX5he4fPHx2rdKMB256ehJCkX+XRQm16eZLqLNS8RSZXZw==
  dependencies:
    ms "^2.1.1"

ms@^2.1.1:
  version "2.1.2"
  resolved "https://registry.yarnpkg.com/ms/-/ms-2.1.2.tgz#d09d1f357b443f493382a8eb3ccd183872ae6009"
  integrity sha512-sGkPx+VjMtmA6MX27oA4FBFELFCZZ4S4XqeGOXCv68tT+jb3vk/RyaKWP0PTKyWtmLSM0b+adUTEvbs1PEaH2w==

reflect-metadata@^0.1.12, reflect-metadata@^0.1.13:
  version "0.1.13"
  resolved "https://registry.yarnpkg.com/reflect-metadata/-/reflect-metadata-0.1.13.tgz#67ae3ca57c972a2aa1642b10fe363fe32d49dc08"
  integrity sha512-Ts1Y/anZELhSsjMcU605fU9RE4Oi3p5ORujwbIKXfWa+0Zxs510Qrmrce5/Jowq3cHSZSJqBjypxmHarc+vEWg==
