{
  "version": "3",
  "packages": {
    "specifiers": {
      "jsr:@oak/commons@0.7": "jsr:@oak/commons@0.7.0",
      "jsr:@std/assert@0.218": "jsr:@std/assert@0.218.2",
      "jsr:@std/assert@^0.218.2": "jsr:@std/assert@0.218.2",
      "jsr:@std/bytes@0.218": "jsr:@std/bytes@0.218.2",
      "jsr:@std/bytes@^0.218.2": "jsr:@std/bytes@0.218.2",
      "jsr:@std/crypto@0.218": "jsr:@std/crypto@0.218.2",
      "jsr:@std/encoding@0.218": "jsr:@std/encoding@0.218.2",
      "jsr:@std/encoding@^0.218.2": "jsr:@std/encoding@0.218.2",
      "jsr:@std/http@0.218": "jsr:@std/http@0.218.2",
      "jsr:@std/io@0.218": "jsr:@std/io@0.218.2",
      "jsr:@std/media-types@0.218": "jsr:@std/media-types@0.218.2",
      "jsr:@std/path@0.218": "jsr:@std/path@0.218.2",
      "npm:path-to-regexp@6.2.1": "npm:path-to-regexp@6.2.1"
    },
    "jsr": {
      "@std/crypto@0.218.2": {
        "dependencies": [
          "jsr:@std/assert@^0.218.2",
          "jsr:@std/encoding@^0.218.2"
        ]
      },
      "@std/http@0.218.2": {
        "dependencies": [
          "jsr:@std/assert@^0.218.2",
          "jsr:@std/encoding@^0.218.2"
        ]
      },
      "@std/io@0.218.2": {
        "dependencies": [
          "jsr:@std/bytes@^0.218.2"
        ]
      },
      "@std/path@0.218.2": {
        "dependencies": [
          "jsr:@std/assert@^0.218.2"
        ]
      }
    },
    "npm": {
      "path-to-regexp@6.2.1": {
        "integrity": "sha512-JLyh7xT1kizaEvcaXOQwOc2/Yhw6KZOvPf1S8401UyLk86CU79LN3vl7ztXGm/pZ+YjoyAJ4rxmHwbkBXJX+yw==",
        "dependencies": {}
      }
    }
  },
  "redirects": {
    "https://deno.land/x/oak/mod.ts": "https://deno.land/x/oak@14.2.0/mod.ts"
  },
  "remote": {
    "https://deno.land/std@0.214.0/assert/_constants.ts": "a271e8ef5a573f1df8e822a6eb9d09df064ad66a4390f21b3e31f820a38e0975",
    "https://deno.land/std@0.214.0/assert/_diff.ts": "dcc63d94ca289aec80644030cf88ccbf7acaa6fbd7b0f22add93616b36593840",
    "https://deno.land/std@0.214.0/assert/_format.ts": "0ba808961bf678437fb486b56405b6fefad2cf87b5809667c781ddee8c32aff4",
    "https://deno.land/std@0.214.0/assert/assert.ts": "bec068b2fccdd434c138a555b19a2c2393b71dfaada02b7d568a01541e67cdc5",
    "https://deno.land/std@0.214.0/assert/assert_almost_equals.ts": "8b96b7385cc117668b0720115eb6ee73d04c9bcb2f5d2344d674918c9113688f",
    "https://deno.land/std@0.214.0/assert/assert_array_includes.ts": "1688d76317fd45b7e93ef9e2765f112fdf2b7c9821016cdfb380b9445374aed1",
    "https://deno.land/std@0.214.0/assert/assert_equals.ts": "4497c56fe7d2993b0d447926702802fc0becb44e319079e8eca39b482ee01b4e",
    "https://deno.land/std@0.214.0/assert/assert_exists.ts": "24a7bf965e634f909242cd09fbaf38bde6b791128ece08e33ab08586a7cc55c9",
    "https://deno.land/std@0.214.0/assert/assert_false.ts": "6f382568e5128c0f855e5f7dbda8624c1ed9af4fcc33ef4a9afeeedcdce99769",
    "https://deno.land/std@0.214.0/assert/assert_greater.ts": "4945cf5729f1a38874d7e589e0fe5cc5cd5abe5573ca2ddca9d3791aa891856c",
    "https://deno.land/std@0.214.0/assert/assert_greater_or_equal.ts": "573ed8823283b8d94b7443eb69a849a3c369a8eb9666b2d1db50c33763a5d219",
    "https://deno.land/std@0.214.0/assert/assert_instance_of.ts": "72dc1faff1e248692d873c89382fa1579dd7b53b56d52f37f9874a75b11ba444",
    "https://deno.land/std@0.214.0/assert/assert_is_error.ts": "6596f2b5ba89ba2fe9b074f75e9318cda97a2381e59d476812e30077fbdb6ed2",
    "https://deno.land/std@0.214.0/assert/assert_less.ts": "2b4b3fe7910f65f7be52212f19c3977ecb8ba5b2d6d0a296c83cde42920bb005",
    "https://deno.land/std@0.214.0/assert/assert_less_or_equal.ts": "b93d212fe669fbde959e35b3437ac9a4468f2e6b77377e7b6ea2cfdd825d38a0",
    "https://deno.land/std@0.214.0/assert/assert_match.ts": "ec2d9680ed3e7b9746ec57ec923a17eef6d476202f339ad91d22277d7f1d16e1",
    "https://deno.land/std@0.214.0/assert/assert_not_equals.ts": "ac86413ab70ffb14fdfc41740ba579a983fe355ba0ce4a9ab685e6b8e7f6a250",
    "https://deno.land/std@0.214.0/assert/assert_not_instance_of.ts": "8f720d92d83775c40b2542a8d76c60c2d4aeddaf8713c8d11df8984af2604931",
    "https://deno.land/std@0.214.0/assert/assert_not_match.ts": "b4b7c77f146963e2b673c1ce4846473703409eb93f5ab0eb60f6e6f8aeffe39f",
    "https://deno.land/std@0.214.0/assert/assert_not_strict_equals.ts": "da0b8ab60a45d5a9371088378e5313f624799470c3b54c76e8b8abeec40a77be",
    "https://deno.land/std@0.214.0/assert/assert_object_match.ts": "e85e5eef62a56ce364c3afdd27978ccab979288a3e772e6855c270a7b118fa49",
    "https://deno.land/std@0.214.0/assert/assert_rejects.ts": "e9e0c8d9c3e164c7ac962c37b3be50577c5a2010db107ed272c4c1afb1269f54",
    "https://deno.land/std@0.214.0/assert/assert_strict_equals.ts": "0425a98f70badccb151644c902384c12771a93e65f8ff610244b8147b03a2366",
    "https://deno.land/std@0.214.0/assert/assert_string_includes.ts": "dfb072a890167146f8e5bdd6fde887ce4657098e9f71f12716ef37f35fb6f4a7",
    "https://deno.land/std@0.214.0/assert/assert_throws.ts": "edddd86b39606c342164b49ad88dd39a26e72a26655e07545d172f164b617fa7",
    "https://deno.land/std@0.214.0/assert/assertion_error.ts": "9f689a101ee586c4ce92f52fa7ddd362e86434ffdf1f848e45987dc7689976b8",
    "https://deno.land/std@0.214.0/assert/equal.ts": "fae5e8a52a11d3ac694bbe1a53e13a7969e3f60791262312e91a3e741ae519e2",
    "https://deno.land/std@0.214.0/assert/fail.ts": "f310e51992bac8e54f5fd8e44d098638434b2edb802383690e0d7a9be1979f1c",
    "https://deno.land/std@0.214.0/assert/mod.ts": "325df8c0683ad83a873b9691aa66b812d6275fc9fec0b2d180ac68a2c5efed3b",
    "https://deno.land/std@0.214.0/assert/unimplemented.ts": "47ca67d1c6dc53abd0bd729b71a31e0825fc452dbcd4fde4ca06789d5644e7fd",
    "https://deno.land/std@0.214.0/assert/unreachable.ts": "38cfecb95d8b06906022d2f9474794fca4161a994f83354fd079cac9032b5145",
    "https://deno.land/std@0.214.0/fmt/colors.ts": "aeaee795471b56fc62a3cb2e174ed33e91551b535f44677f6320336aabb54fbb",
    "https://deno.land/x/oak@14.2.0/application.ts": "27242ca872580c44321b71e2581bcb7a81004b326b06bb7e90c2625278e405c2",
    "https://deno.land/x/oak@14.2.0/body.ts": "da0ad584c6fb8acbe3ccad288ebb5e5cfd5e65e8186c0f6d43516bb6c11fb968",
    "https://deno.land/x/oak@14.2.0/content_disposition.ts": "8b8c3cb2fba7138cd5b7f82fc3b5ea39b33db924a824b28261659db7e164621e",
    "https://deno.land/x/oak@14.2.0/context.ts": "6a48ba99151478c5f7fd84072f722f9d20dd73816f175f001dbb8716a5225f6f",
    "https://deno.land/x/oak@14.2.0/deps.ts": "9fdb7a99720ad023d609dda13f5d0cb995e8b5cc0e223e08cf2b1fb94c1ddca6",
    "https://deno.land/x/oak@14.2.0/etag.ts": "68d2b34b6bbf41a5e57181f26a90e22ab2f5230d77bf7679b567444fb1a107de",
    "https://deno.land/x/oak@14.2.0/form_data.ts": "dd3599c3b8e47e154434bf43049898187519117403d3494433a68d708f0d1937",
    "https://deno.land/x/oak@14.2.0/forwarded.ts": "97fa621071e4878ce64196055b49cdf8ee63f1bb39185c9446bfb817c209bcc9",
    "https://deno.land/x/oak@14.2.0/headers.ts": "4d74f92a6eda8746473612c04176823e3d12c52189aa4239e624a8ae61835f14",
    "https://deno.land/x/oak@14.2.0/helpers.ts": "d198b50cb13abb1629406882a483c078015d75b3343991ad8ec69aabff879372",
    "https://deno.land/x/oak@14.2.0/http_server_bun.ts": "7d36a3caab01578545257f8d197abc063d30f2df88529ba2e845006c74223910",
    "https://deno.land/x/oak@14.2.0/http_server_native.ts": "ee1598e4bf798a0f6dfc04cde6639d318f73ae25963b13bacc355466e369758a",
    "https://deno.land/x/oak@14.2.0/http_server_native_request.ts": "e34b9ef0e4a52bd3d5d761fff010256612e538aba1bef643c5ea805931e6a410",
    "https://deno.land/x/oak@14.2.0/http_server_node.ts": "9ab25aae469e52aecd4cca85345a8e8ad9af6112a96728c13900ab6d51558ab9",
    "https://deno.land/x/oak@14.2.0/middleware.ts": "5165e0c18f0a3b92bf01ca9d9f0ae211b30ca9b23a9460f11334459a2ff715aa",
    "https://deno.land/x/oak@14.2.0/middleware/proxy.ts": "c136d22c3e396fdee6a9c2e2ba65388bb895d0f82af412c197bc7cda69e5664e",
    "https://deno.land/x/oak@14.2.0/middleware/serve.ts": "83f6559b4cd5e5d30bcbe6acc8478bb7dbcb98af719952bc2810e2d6ead664ea",
    "https://deno.land/x/oak@14.2.0/mod.ts": "0d29f7941ab1f170436a15c3c1f5de4fa94fbe32f4ec79732ed6e06c6b581ceb",
    "https://deno.land/x/oak@14.2.0/node_shims.ts": "4db1569b2b79b73f37c4d947f4aaa50a93e266d48fe67601c8a31af17a28884d",
    "https://deno.land/x/oak@14.2.0/range.ts": "789cb5bc86987843c4ea47e054cad6ceacfbe853c0a57f37a46596b8215c458e",
    "https://deno.land/x/oak@14.2.0/request.ts": "86ea0498e934257ecc07d15ea83493547d9db49a29ae98b4bc76ab234e7d862b",
    "https://deno.land/x/oak@14.2.0/response.ts": "b1985ece7b727d5ba8830ada09318f98ff967b25f63f3e976fc2ebda03b59750",
    "https://deno.land/x/oak@14.2.0/router.ts": "568e45888c8a2a571e983129f337f8a944f492653ec943328dd58a4eb914c599",
    "https://deno.land/x/oak@14.2.0/send.ts": "2ca6b54b16092ab209e2cbea1803947d101c5381bd59a84df5ce44cb1811999d",
    "https://deno.land/x/oak@14.2.0/structured_clone.ts": "a01fa10ea9aae733264557f962630f155873d3bf45dbb2a8e53be5daa1b8cf5a",
    "https://deno.land/x/oak@14.2.0/testing.ts": "157711ade8634f9377ca87147db4317861d51388c82e0da4ae829c142a123db8",
    "https://deno.land/x/oak@14.2.0/types.ts": "09f0494db5d642e3492d23cd46da665d2df2590ef7e987b0412659260453d1f9",
    "https://deno.land/x/oak@14.2.0/util.ts": "22fb55001472158ed4bdf53ce1a6848e10860507aa9a2e16d0b92d2b420f2a90",
    "https://jsr.io/@oak/commons/0.7.0/cookie_map.ts": "d66e86ce814cc4738c298829ca7e2454ef1472c308ecd6271cde92dc861aa0bc",
    "https://jsr.io/@oak/commons/0.7.0/http_errors.ts": "693a3d0075e89b01a2063de7d71f6ccf51e9a0f4ca1a989384f181d96c5c7da3",
    "https://jsr.io/@oak/commons/0.7.0/media_types.ts": "f757eee87c0458df5f9202954772f937e7c756fb986863eb2763f9a78b979da6",
    "https://jsr.io/@oak/commons/0.7.0/method.ts": "873c1e1add4236cd6b12d97421435fb1a779c4adf2702c16899898b7568e3185",
    "https://jsr.io/@oak/commons/0.7.0/server_sent_event.ts": "b67b32efe423fedd7f4af14e8c4f6d18eeef6a14a9a58106409e18b491b1437b",
    "https://jsr.io/@oak/commons/0.7.0/status.ts": "54189a82c7b61de7b28d72baa2d31ce7b5821c7485f5d290c6d9096cba72a740",
    "https://jsr.io/@std/assert/0.218.2/assert.ts": "501b416473ec27c71885aaf819e363c8df617f89ce68ae57fec7acf9d62743b2",
    "https://jsr.io/@std/assert/0.218.2/assertion_error.ts": "dd027fb33707dbff22cd2ef9b55fdb70e2095876caf3c68ecfbb811505ecc022",
    "https://jsr.io/@std/bytes/0.218.2/concat.ts": "8142a1734fd445582be0d209d0def43c2a3c27370a0fd4b327187dd34b98d6eb",
    "https://jsr.io/@std/bytes/0.218.2/copy.ts": "e3331dc8b9175f1016b9ef6c1890f1b80770762e017b6ca08b9b764954d26def",
    "https://jsr.io/@std/crypto/0.218.2/timing_safe_equal.ts": "ef6924fcd7a5e7c810b4a954bd54ead4b0573ce65b5754c8a0c72a821aada54b",
    "https://jsr.io/@std/crypto/0.218.2/unstable_keystack.ts": "7f498207401936436a68e437faa2ef4784e4d2d7cef823fd362e33744ec357e0",
    "https://jsr.io/@std/encoding/0.218.2/_util.ts": "beacef316c1255da9bc8e95afb1fa56ed69baef919c88dc06ae6cb7a6103d376",
    "https://jsr.io/@std/encoding/0.218.2/base64.ts": "34dbaefef34a3ceda34c0322ddf4fa155ccffebd00e480af8cea56dda3859c72",
    "https://jsr.io/@std/encoding/0.218.2/base64url.ts": "10e7bf34757d64a77b2592c37f5ab279ea96c3971199ee1d113113597d2123b0",
    "https://jsr.io/@std/http/0.218.2/_negotiation/common.ts": "051a9f6edd1ed69507df89bbc16fc1b13b7654b9b8fd38072ec33ae4c185fc13",
    "https://jsr.io/@std/http/0.218.2/_negotiation/encoding.ts": "fdedea1145c1dea3b3de2d5217e8eb927e764083eebc8c52d09a1ed3d9bb7a93",
    "https://jsr.io/@std/http/0.218.2/_negotiation/language.ts": "300a5c586f844c97f246ab72c948e9fde9a8f45e92ec08e1cc9a9df80259e2a3",
    "https://jsr.io/@std/http/0.218.2/_negotiation/media_type.ts": "87a1ecb22c1b268d0fa23d798e1ea238343505268cb1ff82bd038638de29ce31",
    "https://jsr.io/@std/http/0.218.2/etag.ts": "33ac23262943a664082c2ec42a66b492039ac41cb0c18fc48560f69a05aca0e4",
    "https://jsr.io/@std/http/0.218.2/negotiation.ts": "923cef82d6fbfb3b3aaaf42bfbe1ae1a8ad87d31d2c7595abb74c71ce598cdce",
    "https://jsr.io/@std/http/0.218.2/user_agent.ts": "33ea1a64cf10d10eeba0d2610962ece657d20e7bd45ec095ec5745506709d2bf",
    "https://jsr.io/@std/io/0.218.2/_constants.ts": "3c7ad4695832e6e4a32e35f218c70376b62bc78621ef069a4a0a3d55739f8856",
    "https://jsr.io/@std/io/0.218.2/limited_reader.ts": "a8d8ac4f0c4edaf9f2c347f215a46eb711d85cd436d5ee3727c6d17014650857",
    "https://jsr.io/@std/io/0.218.2/read_all.ts": "71da063fe248fe91c9b719c223979f1a102f6f8dba7fbdd33917b722fbdc3f1e",
    "https://jsr.io/@std/io/0.218.2/types.ts": "5add349d4d359b785e2ea69ae570746d1184b72eca1ae6ef645fbb2ed251870d",
    "https://jsr.io/@std/media-types/0.218.2/_db.ts": "19563a2491cd81b53b9c1c6ffd1a9145c355042d4a854c52f6e1424f73ff3923",
    "https://jsr.io/@std/media-types/0.218.2/_util.ts": "97fadcdfc82fdb02da87efb0fcd3171b0004fb810284114e9d0914a7c4a0b7e5",
    "https://jsr.io/@std/media-types/0.218.2/content_type.ts": "f52126882eb6395866a4e52ec73610940feb5d6cbafcc2c7a2c9336c1928b3ee",
    "https://jsr.io/@std/media-types/0.218.2/format_media_type.ts": "ea628c85766a09886f0c598b8300351b7ba1ff24e49f010119d6a65badc0d58b",
    "https://jsr.io/@std/media-types/0.218.2/get_charset.ts": "06c7288d51df90b6caf66c0e2b3730fddad07a6d38926642679c23825b4170a9",
    "https://jsr.io/@std/media-types/0.218.2/parse_media_type.ts": "c6586e745a9e55dac61790c9d9ab7cf925a81c7243a1a76b297103570dc9d813",
    "https://jsr.io/@std/media-types/0.218.2/type_by_extension.ts": "d9ec3dd919e010415a62f690f22137606d3a8ea026dc257f018fb4f3b64d1a5d",
    "https://jsr.io/@std/media-types/0.218.2/vendor/mime-db.v1.52.0.ts": "0218d2c7d900e8cd6fa4a866e0c387712af4af9a1bae55d6b2546c73d273a1e6",
    "https://jsr.io/@std/path/0.218.2/_common/assert_path.ts": "dbdd757a465b690b2cc72fc5fb7698c51507dec6bfafce4ca500c46b76ff7bd8",
    "https://jsr.io/@std/path/0.218.2/_common/basename.ts": "569744855bc8445f3a56087fd2aed56bdad39da971a8d92b138c9913aecc5fa2",
    "https://jsr.io/@std/path/0.218.2/_common/common.ts": "6157c7ec1f4db2b4a9a187efd6ce76dcaf1e61cfd49f87e40d4ea102818df031",
    "https://jsr.io/@std/path/0.218.2/_common/constants.ts": "dc5f8057159f4b48cd304eb3027e42f1148cf4df1fb4240774d3492b5d12ac0c",
    "https://jsr.io/@std/path/0.218.2/_common/dirname.ts": "684df4aa71a04bbcc346c692c8485594fc8a90b9408dfbc26ff32cf3e0c98cc8",
    "https://jsr.io/@std/path/0.218.2/_common/format.ts": "ef04423fd59d06dc027a4ccbe9eaa7b59c32f9d76e434d9debec43b7283e228e",
    "https://jsr.io/@std/path/0.218.2/_common/from_file_url.ts": "d672bdeebc11bf80e99bf266f886c70963107bdd31134c4e249eef51133ceccf",
    "https://jsr.io/@std/path/0.218.2/_common/glob_to_reg_exp.ts": "6cac16d5c2dc23af7d66348a7ce430e5de4e70b0eede074bdbcf4903f4374d8d",
    "https://jsr.io/@std/path/0.218.2/_common/normalize.ts": "684df4aa71a04bbcc346c692c8485594fc8a90b9408dfbc26ff32cf3e0c98cc8",
    "https://jsr.io/@std/path/0.218.2/_common/normalize_string.ts": "dfdf657a1b1a7db7999f7c575ee7e6b0551d9c20f19486c6c3f5ff428384c965",
    "https://jsr.io/@std/path/0.218.2/_common/relative.ts": "faa2753d9b32320ed4ada0733261e3357c186e5705678d9dd08b97527deae607",
    "https://jsr.io/@std/path/0.218.2/_common/strip_trailing_separators.ts": "7024a93447efcdcfeaa9339a98fa63ef9d53de363f1fbe9858970f1bba02655a",
    "https://jsr.io/@std/path/0.218.2/_common/to_file_url.ts": "7f76adbc83ece1bba173e6e98a27c647712cab773d3f8cbe0398b74afc817883",
    "https://jsr.io/@std/path/0.218.2/_interface.ts": "a1419fcf45c0ceb8acdccc94394e3e94f99e18cfd32d509aab514c8841799600",
    "https://jsr.io/@std/path/0.218.2/_os.ts": "8fb9b90fb6b753bd8c77cfd8a33c2ff6c5f5bc185f50de8ca4ac6a05710b2c15",
    "https://jsr.io/@std/path/0.218.2/basename.ts": "5d341aadb7ada266e2280561692c165771d071c98746fcb66da928870cd47668",
    "https://jsr.io/@std/path/0.218.2/common.ts": "4c80da2ee5563eb31f87cf7d21879db90d614a3fae83358670625e4b90342745",
    "https://jsr.io/@std/path/0.218.2/constants.ts": "0c206169ca104938ede9da48ac952de288f23343304a1c3cb6ec7625e7325f36",
    "https://jsr.io/@std/path/0.218.2/dirname.ts": "85bd955bf31d62c9aafdd7ff561c4b5fb587d11a9a5a45e2b01aedffa4238a7c",
    "https://jsr.io/@std/path/0.218.2/extname.ts": "593303db8ae8c865cbd9ceec6e55d4b9ac5410c1e276bfd3131916591b954441",
    "https://jsr.io/@std/path/0.218.2/format.ts": "42a2f3201343df77061207e6aaf78c95bafce7f711dcb7fe1e5840311c505778",
    "https://jsr.io/@std/path/0.218.2/from_file_url.ts": "7c87244ca07e4065cb024016b03d012facb856cc7aed089d9b6f1e4ea6152316",
    "https://jsr.io/@std/path/0.218.2/glob_to_regexp.ts": "7f30f0a21439cadfdae1be1bf370880b415e676097fda584a63ce319053b5972",
    "https://jsr.io/@std/path/0.218.2/is_absolute.ts": "4791afc8bfd0c87f0526eaa616b0d16e7b3ab6a65b62942e50eac68de4ef67d7",
    "https://jsr.io/@std/path/0.218.2/is_glob.ts": "a65f6195d3058c3050ab905705891b412ff942a292bcbaa1a807a74439a14141",
    "https://jsr.io/@std/path/0.218.2/join.ts": "ae2ec5ca44c7e84a235fd532e4a0116bfb1f2368b394db1c4fb75e3c0f26a33a",
    "https://jsr.io/@std/path/0.218.2/join_globs.ts": "5b3bf248b93247194f94fa6947b612ab9d3abd571ca8386cf7789038545e54a0",
    "https://jsr.io/@std/path/0.218.2/mod.ts": "0331a63bbd90ef681b99ab7e9e29db284124571c99ee30ccb7ca96cb25bfbb69",
    "https://jsr.io/@std/path/0.218.2/normalize.ts": "4155743ccceeed319b350c1e62e931600272fad8ad00c417b91df093867a8352",
    "https://jsr.io/@std/path/0.218.2/normalize_glob.ts": "cc89a77a7d3b1d01053b9dcd59462b75482b11e9068ae6c754b5cf5d794b374f",
    "https://jsr.io/@std/path/0.218.2/parse.ts": "65e8e285f1a63b714e19ef24b68f56e76934c3df0b6e65fd440d3991f4f8aefb",
    "https://jsr.io/@std/path/0.218.2/posix/_util.ts": "b24abdfa97820d3a9dc696bf7947c35ac2cf5d836c16ae20592a8dc0757321a3",
    "https://jsr.io/@std/path/0.218.2/posix/basename.ts": "265d3360c49c1af372a10891518b785fc2ae138f019892c89642e1f1c523b2dc",
    "https://jsr.io/@std/path/0.218.2/posix/common.ts": "4c896e6e9357f33c3ffe027cb13cb2ccf5dbe3575604b43c195befffb0f40b2b",
    "https://jsr.io/@std/path/0.218.2/posix/constants.ts": "93481efb98cdffa4c719c22a0182b994e5a6aed3047e1962f6c2c75b7592bef1",
    "https://jsr.io/@std/path/0.218.2/posix/dirname.ts": "ecdaeec17d5fdd00da89bb05962e209c7aa41ad4967279bc8662c0bb3a243b2f",
    "https://jsr.io/@std/path/0.218.2/posix/extname.ts": "b1400d9d0ac2160accda327790c93daa4ee8325b87f4c4d9b21887e7c8fd73db",
    "https://jsr.io/@std/path/0.218.2/posix/format.ts": "47318e54ac8cd2e9c35ef2a143d02c198ce093e31f9789b6ecb95cbc60fec71b",
    "https://jsr.io/@std/path/0.218.2/posix/from_file_url.ts": "dc4a092de0d117d94bfd54390b4bc360ea1c68d4a1e42d2ea94d6fe75b483c37",
    "https://jsr.io/@std/path/0.218.2/posix/glob_to_regexp.ts": "ca286ddfc9e5d676bab5aafb5ec60c6a475353664d6c4705d07ff492c6ab2898",
    "https://jsr.io/@std/path/0.218.2/posix/is_absolute.ts": "e7147b25e786abb51dd888eca89d2fd3770c41e6bd556d19db26cca348fb78a4",
    "https://jsr.io/@std/path/0.218.2/posix/is_glob.ts": "135ac8b1e647f673ea650fb713e2d9c42d0108c29cae3a2b77399fec0dae8864",
    "https://jsr.io/@std/path/0.218.2/posix/join.ts": "3177c1693c73ab79a2eb9be5835d41a00411a1300bd46a3c2c786b005364ff7a",
    "https://jsr.io/@std/path/0.218.2/posix/join_globs.ts": "e02b8fb5322f008b3ae75b6a764a4da2ed884b553a2a7372ead73af7ef99e5c8",
    "https://jsr.io/@std/path/0.218.2/posix/mod.ts": "43111128c93add2f61503dafd41c97e9b3e5ada9f15fc5f26f5c779f1615de4b",
    "https://jsr.io/@std/path/0.218.2/posix/normalize.ts": "9b9f666159c0e5ee3df292cf56555547b1be4cd3ca54da6a263a3074b8e44964",
    "https://jsr.io/@std/path/0.218.2/posix/normalize_glob.ts": "7a4104041a7e9f54d5d6eec993f0496940dcd882f02a7a667b36aaa72512be04",
    "https://jsr.io/@std/path/0.218.2/posix/parse.ts": "2391bd6baf444eaa54abd74da709a303b9121ee8708c12d8c5deda81061233a8",
    "https://jsr.io/@std/path/0.218.2/posix/relative.ts": "f0617bf5614ac45462d71d8d03a5bbe3db9f5aaadc9e470a560013d0416d4cc0",
    "https://jsr.io/@std/path/0.218.2/posix/resolve.ts": "e9e37a6a564c09db015152e86fdaf450c9361930ab5b8b8016306d7d12272d07",
    "https://jsr.io/@std/path/0.218.2/posix/to_file_url.ts": "e1c2f7b256100610ae85a443f89404f4b5d730d882c388a76b8e4fa1ecfc5ac7",
    "https://jsr.io/@std/path/0.218.2/posix/to_namespaced_path.ts": "28b216b3c76f892a4dca9734ff1cc0045d135532bfd9c435ae4858bfa5a2ebf0",
    "https://jsr.io/@std/path/0.218.2/relative.ts": "ab739d727180ed8727e34ed71d976912461d98e2b76de3d3de834c1066667add",
    "https://jsr.io/@std/path/0.218.2/resolve.ts": "a6f977bdb4272e79d8d0ed4333e3d71367cc3926acf15ac271f1d059c8494d8d",
    "https://jsr.io/@std/path/0.218.2/to_file_url.ts": "ce1a439e03377882e58f06ef43ef2259d483bab235d1eb727f1637b0a6bd7070",
    "https://jsr.io/@std/path/0.218.2/to_namespaced_path.ts": "b706a4103b104cfadc09600a5f838c2ba94dbcdb642344557122dda444526e40",
    "https://jsr.io/@std/path/0.218.2/windows/_util.ts": "8f491fe68728772ce98d3bdf54dcd89c823d5ecd2bec6153c343a95843f625ca",
    "https://jsr.io/@std/path/0.218.2/windows/basename.ts": "20179a24e3b4a8d5d957f0b6c5515d1d05c47c7e5824d595844f3ff5558e6e5b",
    "https://jsr.io/@std/path/0.218.2/windows/common.ts": "4c896e6e9357f33c3ffe027cb13cb2ccf5dbe3575604b43c195befffb0f40b2b",
    "https://jsr.io/@std/path/0.218.2/windows/constants.ts": "5afaac0a1f67b68b0a380a4ef391bf59feb55856aa8c60dfc01bd3b6abb813f5",
    "https://jsr.io/@std/path/0.218.2/windows/dirname.ts": "f5aee3cff1830aa804bee6b947c51a667dfc713b339923d884e590cffdf5d8e0",
    "https://jsr.io/@std/path/0.218.2/windows/extname.ts": "297ff46e51d75b97d4096cf5664471dca65b529f557c2e6e08aec3f2441767bf",
    "https://jsr.io/@std/path/0.218.2/windows/format.ts": "8986f9e9b1cd48b404aa7c3873bfb976a9af08eeb40a58f1001a8d887d0dfe14",
    "https://jsr.io/@std/path/0.218.2/windows/from_file_url.ts": "d67e4c8e7453597bf8071da6a995d6c9ad41f3c30192dc6494a25beb14647ff7",
    "https://jsr.io/@std/path/0.218.2/windows/glob_to_regexp.ts": "ab4b591c2d8f9d0a0b8894023f15cd11835168adcec5f5a858336ab5007248d9",
    "https://jsr.io/@std/path/0.218.2/windows/is_absolute.ts": "d3534d9fd5680d4c6895bbb59193335e5753cdef875f095297be66eb96f2f530",
    "https://jsr.io/@std/path/0.218.2/windows/is_glob.ts": "135ac8b1e647f673ea650fb713e2d9c42d0108c29cae3a2b77399fec0dae8864",
    "https://jsr.io/@std/path/0.218.2/windows/join.ts": "b9d0fc4dd2576b82d1a62eb5f403e8ff8c667bbe5b713a07db61e0864cfb50b2",
    "https://jsr.io/@std/path/0.218.2/windows/join_globs.ts": "e02b8fb5322f008b3ae75b6a764a4da2ed884b553a2a7372ead73af7ef99e5c8",
    "https://jsr.io/@std/path/0.218.2/windows/mod.ts": "43111128c93add2f61503dafd41c97e9b3e5ada9f15fc5f26f5c779f1615de4b",
    "https://jsr.io/@std/path/0.218.2/windows/normalize.ts": "f5d8b971161eff7b4f8e45c7520cbb0c6553ccff7c4b3ced2dfe0d6ad46a2328",
    "https://jsr.io/@std/path/0.218.2/windows/normalize_glob.ts": "7a4104041a7e9f54d5d6eec993f0496940dcd882f02a7a667b36aaa72512be04",
    "https://jsr.io/@std/path/0.218.2/windows/parse.ts": "cae845594bfd853d292ab2903bdf43280f05c3a4556e1ca884417ebeeda4c172",
    "https://jsr.io/@std/path/0.218.2/windows/relative.ts": "366eb25bd3469433e47dd4cac52d03048d5e27e8a89e059217065d3afa4e7e71",
    "https://jsr.io/@std/path/0.218.2/windows/resolve.ts": "d7b7f8bec0e02ccc4a24779bc67d93841536b81577e0b20eb57cfd7315f1ae9f",
    "https://jsr.io/@std/path/0.218.2/windows/to_file_url.ts": "7cf51afd608cb167ba857b656f03efabead8f49f8fd5cb3f1ade8bf628c7012c",
    "https://jsr.io/@std/path/0.218.2/windows/to_namespaced_path.ts": "96dd0d55d484905e06553fd7d5feb6b3e4c0c99c337fda4199b6c32bce44833a"
  }
}
